{
  "requires": true,
  "lockfileVersion": 1,
  "dependencies": {
    "vue-simple-uploader": {
      "version": "0.4.2",
      "resolved": "http://registry.npm.taobao.org/vue-simple-uploader/download/vue-simple-uploader-0.4.2.tgz",
      "requires": {
        "simple-uploader.js": "0.2.1"
      },
      "dependencies": {
        "simple-uploader.js": {
          "version": "0.2.1",
          "resolved": "http://registry.npm.taobao.org/simple-uploader.js/download/simple-uploader.js-0.2.1.tgz"
        }
      }
    }
  }
}
